// !$*UTF8*$!
{
	archiveVersion = 1;
	classes = {
	};
	objectVersion = 56;
	objects = {

/* Begin PBXBuildFile section */
		B8860D722BD4D68800A80E64 /* NeppatsrevApp.swift in Sources */ = {isa = PBXBuildFile; fileRef = B8860D712BD4D68800A80E64 /* NeppatsrevApp.swift */; };
		B8860D742BD4D68800A80E64 /* ContentView.swift in Sources */ = {isa = PBXBuildFile; fileRef = B8860D732BD4D68800A80E64 /* ContentView.swift */; };
		B8860D762BD4D68800A80E64 /* Item.swift in Sources */ = {isa = PBXBuildFile; fileRef = B8860D752BD4D68800A80E64 /* Item.swift */; };
		B8860D782BD4D6BE00A80E64 /* Assets.xcassets in Resources */ = {isa = PBXBuildFile; fileRef = B8860D772BD4D6BE00A80E64 /* Assets.xcassets */; };
		B8860D7B2BD4D6BE00A80E64 /* Preview Assets.xcassets in Resources */ = {isa = PBXBuildFile; fileRef = B8860D7A2BD4D6BE00A80E64 /* Preview Assets.xcassets */; };
		B89AF2DC2BD524AD001DA498 /* menu.swift in Sources */ = {isa = PBXBuildFile; fileRef = B89AF2DB2BD524AD001DA498 /* menu.swift */; };
		B89AF2DE2BD53188001DA498 /* drink.swift in Sources */ = {isa = PBXBuildFile; fileRef = B89AF2DD2BD53188001DA498 /* drink.swift */; };
		B89AF2E02BD53C04001DA498 /* checkout.swift in Sources */ = {isa = PBXBuildFile; fileRef = B89AF2DF2BD53C04001DA498 /* checkout.swift */; };
		B89AF2E22BD54CD9001DA498 /* Loyalty Card.swift in Sources */ = {isa = PBXBuildFile; fileRef = B89AF2E12BD54CD9001DA498 /* Loyalty Card.swift */; };
		B89AF2E42BD5529A001DA498 /* location.swift in Sources */ = {isa = PBXBuildFile; fileRef = B89AF2E32BD5529A001DA498 /* location.swift */; };
		B89AF2E62BD55A1D001DA498 /* cart.swift in Sources */ = {isa = PBXBuildFile; fileRef = B89AF2E52BD55A1C001DA498 /* cart.swift */; };
/* End PBXBuildFile section */

/* Begin PBXFileReference section */
		B8860D6E2BD4D68800A80E64 /* Neppatsrev.app */ = {isa = PBXFileReference; explicitFileType = wrapper.application; includeInIndex = 0; path = Neppatsrev.app; sourceTree = BUILT_PRODUCTS_DIR; };
		B8860D712BD4D68800A80E64 /* NeppatsrevApp.swift */ = {isa = PBXFileReference; lastKnownFileType = sourcecode.swift; path = NeppatsrevApp.swift; sourceTree = "<group>"; };
		B8860D732BD4D68800A80E64 /* ContentView.swift */ = {isa = PBXFileReference; lastKnownFileType = sourcecode.swift; path = ContentView.swift; sourceTree = "<group>"; };
		B8860D752BD4D68800A80E64 /* Item.swift */ = {isa = PBXFileReference; lastKnownFileType = sourcecode.swift; path = Item.swift; sourceTree = "<group>"; };
		B8860D772BD4D6BE00A80E64 /* Assets.xcassets */ = {isa = PBXFileReference; lastKnownFileType = folder.assetcatalog; path = Assets.xcassets; sourceTree = "<group>"; };
		B8860D7A2BD4D6BE00A80E64 /* Preview Assets.xcassets */ = {isa = PBXFileReference; lastKnownFileType = folder.assetcatalog; path = "Preview Assets.xcassets"; sourceTree = "<group>"; };
		B89AF2DB2BD524AD001DA498 /* menu.swift */ = {isa = PBXFileReference; lastKnownFileType = sourcecode.swift; path = menu.swift; sourceTree = "<group>"; };
		B89AF2DD2BD53188001DA498 /* drink.swift */ = {isa = PBXFileReference; lastKnownFileType = sourcecode.swift; path = drink.swift; sourceTree = "<group>"; };
		B89AF2DF2BD53C04001DA498 /* checkout.swift */ = {isa = PBXFileReference; lastKnownFileType = sourcecode.swift; path = checkout.swift; sourceTree = "<group>"; };
		B89AF2E12BD54CD9001DA498 /* Loyalty Card.swift */ = {isa = PBXFileReference; lastKnownFileType = sourcecode.swift; path = "Loyalty Card.swift"; sourceTree = "<group>"; };
		B89AF2E32BD5529A001DA498 /* location.swift */ = {isa = PBXFileReference; lastKnownFileType = sourcecode.swift; path = location.swift; sourceTree = "<group>"; };
		B89AF2E52BD55A1C001DA498 /* cart.swift */ = {isa = PBXFileReference; lastKnownFileType = sourcecode.swift; path = cart.swift; sourceTree = "<group>"; };
/* End PBXFileReference section */

/* Begin PBXFrameworksBuildPhase section */
		B8860D6B2BD4D68800A80E64 /* Frameworks */ = {
			isa = PBXFrameworksBuildPhase;
			buildActionMask = 2147483647;
			files = (
			);
			runOnlyForDeploymentPostprocessing = 0;
		};
/* End PBXFrameworksBuildPhase section */

/* Begin PBXGroup section */
		B8860D652BD4D68800A80E64 = {
			isa = PBXGroup;
			children = (
				B8860D702BD4D68800A80E64 /* Neppatsrev */,
				B8860D6F2BD4D68800A80E64 /* Products */,
			);
			sourceTree = "<group>";
		};
		B8860D6F2BD4D68800A80E64 /* Products */ = {
			isa = PBXGroup;
			children = (
				B8860D6E2BD4D68800A80E64 /* Neppatsrev.app */,
			);
			name = Products;
			sourceTree = "<group>";
		};
		B8860D702BD4D68800A80E64 /* Neppatsrev */ = {
			isa = PBXGroup;
			children = (
				B8860D712BD4D68800A80E64 /* NeppatsrevApp.swift */,
				B8860D732BD4D68800A80E64 /* ContentView.swift */,
				B8860D752BD4D68800A80E64 /* Item.swift */,
				B8860D772BD4D6BE00A80E64 /* Assets.xcassets */,
				B8860D792BD4D6BE00A80E64 /* Preview Content */,
				B89AF2DB2BD524AD001DA498 /* menu.swift */,
				B89AF2DD2BD53188001DA498 /* drink.swift */,
				B89AF2DF2BD53C04001DA498 /* checkout.swift */,
				B89AF2E12BD54CD9001DA498 /* Loyalty Card.swift */,
				B89AF2E32BD5529A001DA498 /* location.swift */,
				B89AF2E52BD55A1C001DA498 /* cart.swift */,
			);
			path = Neppatsrev;
			sourceTree = "<group>";
		};
		B8860D792BD4D6BE00A80E64 /* Preview Content */ = {
			isa = PBXGroup;
			children = (
				B8860D7A2BD4D6BE00A80E64 /* Preview Assets.xcassets */,
			);
			path = "Preview Content";
			sourceTree = "<group>";
		};
/* End PBXGroup section */

/* Begin PBXNativeTarget section */
		B8860D6D2BD4D68800A80E64 /* Neppatsrev */ = {
			isa = PBXNativeTarget;
			buildConfigurationList = B8860D7E2BD4D6BE00A80E64 /* Build configuration list for PBXNativeTarget "Neppatsrev" */;
			buildPhases = (
				B8860D6A2BD4D68800A80E64 /* Sources */,
				B8860D6B2BD4D68800A80E64 /* Frameworks */,
				B8860D6C2BD4D68800A80E64 /* Resources */,
			);
			buildRules = (
			);
			dependencies = (
			);
			name = Neppatsrev;
			productName = Neppatsrev;
			productReference = B8860D6E2BD4D68800A80E64 /* Neppatsrev.app */;
			productType = "com.apple.product-type.application";
		};
/* End PBXNativeTarget section */

/* Begin PBXProject section */
		B8860D662BD4D68800A80E64 /* Project object */ = {
			isa = PBXProject;
			attributes = {
				BuildIndependentTargetsInParallel = 1;
				LastSwiftUpdateCheck = 1530;
				LastUpgradeCheck = 1530;
				TargetAttributes = {
					B8860D6D2BD4D68800A80E64 = {
						CreatedOnToolsVersion = 15.3;
					};
				};
			};
			buildConfigurationList = B8860D692BD4D68800A80E64 /* Build configuration list for PBXProject "Neppatsrev" */;
			compatibilityVersion = "Xcode 14.0";
			developmentRegion = en;
			hasScannedForEncodings = 0;
			knownRegions = (
				en,
				Base,
			);
			mainGroup = B8860D652BD4D68800A80E64;
			productRefGroup = B8860D6F2BD4D68800A80E64 /* Products */;
			projectDirPath = "";
			projectRoot = "";
			targets = (
				B8860D6D2BD4D68800A80E64 /* Neppatsrev */,
			);
		};
/* End PBXProject section */

/* Begin PBXResourcesBuildPhase section */
		B8860D6C2BD4D68800A80E64 /* Resources */ = {
			isa = PBXResourcesBuildPhase;
			buildActionMask = 2147483647;
			files = (
				B8860D7B2BD4D6BE00A80E64 /* Preview Assets.xcassets in Resources */,
				B8860D782BD4D6BE00A80E64 /* Assets.xcassets in Resources */,
			);
			runOnlyForDeploymentPostprocessing = 0;
		};
/* End PBXResourcesBuildPhase section */

/* Begin PBXSourcesBuildPhase section */
		B8860D6A2BD4D68800A80E64 /* Sources */ = {
			isa = PBXSourcesBuildPhase;
			buildActionMask = 2147483647;
			files = (
				B8860D742BD4D68800A80E64 /* ContentView.swift in Sources */,
				B8860D762BD4D68800A80E64 /* Item.swift in Sources */,
				B89AF2E42BD5529A001DA498 /* location.swift in Sources */,
				B89AF2E62BD55A1D001DA498 /* cart.swift in Sources */,
				B89AF2DC2BD524AD001DA498 /* menu.swift in Sources */,
				B89AF2DE2BD53188001DA498 /* drink.swift in Sources */,
				B89AF2E22BD54CD9001DA498 /* Loyalty Card.swift in Sources */,
				B8860D722BD4D68800A80E64 /* NeppatsrevApp.swift in Sources */,
				B89AF2E02BD53C04001DA498 /* checkout.swift in Sources */,
			);
			runOnlyForDeploymentPostprocessing = 0;
		};
/* End PBXSourcesBuildPhase section */

/* Begin XCBuildConfiguration section */
		B8860D7C2BD4D6BE00A80E64 /* Debug */ = {
			isa = XCBuildConfiguration;
			buildSettings = {
				ALWAYS_SEARCH_USER_PATHS = NO;
				ASSETCATALOG_COMPILER_GENERATE_SWIFT_ASSET_SYMBOL_EXTENSIONS = YES;
				CLANG_ANALYZER_NONNULL = YES;
				CLANG_ANALYZER_NUMBER_OBJECT_CONVERSION = YES_AGGRESSIVE;
				CLANG_CXX_LANGUAGE_STANDARD = "gnu++20";
				CLANG_ENABLE_MODULES = YES;
				CLANG_ENABLE_OBJC_ARC = YES;
				CLANG_ENABLE_OBJC_WEAK = YES;
				CLANG_WARN_BLOCK_CAPTURE_AUTORELEASING = YES;
				CLANG_WARN_BOOL_CONVERSION = YES;
				CLANG_WARN_COMMA = YES;
				CLANG_WARN_CONSTANT_CONVERSION = YES;
				CLANG_WARN_DEPRECATED_OBJC_IMPLEMENTATIONS = YES;
				CLANG_WARN_DIRECT_OBJC_ISA_USAGE = YES_ERROR;
				CLANG_WARN_DOCUMENTATION_COMMENTS = YES;
				CLANG_WARN_EMPTY_BODY = YES;
				CLANG_WARN_ENUM_CONVERSION = YES;
				CLANG_WARN_INFINITE_RECURSION = YES;
				CLANG_WARN_INT_CONVERSION = YES;
				CLANG_WARN_NON_LITERAL_NULL_CONVERSION = YES;
				CLANG_WARN_OBJC_IMPLICIT_RETAIN_SELF = YES;
				CLANG_WARN_OBJC_LITERAL_CONVERSION = YES;
				CLANG_WARN_OBJC_ROOT_CLASS = YES_ERROR;
				CLANG_WARN_QUOTED_INCLUDE_IN_FRAMEWORK_HEADER = YES;
				CLANG_WARN_RANGE_LOOP_ANALYSIS = YES;
				CLANG_WARN_STRICT_PROTOTYPES = YES;
				CLANG_WARN_SUSPICIOUS_MOVE = YES;
				CLANG_WARN_UNGUARDED_AVAILABILITY = YES_AGGRESSIVE;
				CLANG_WARN_UNREACHABLE_CODE = YES;
				CLANG_WARN__DUPLICATE_METHOD_MATCH = YES;
				COPY_PHASE_STRIP = NO;
				DEBUG_INFORMATION_FORMAT = dwarf;
				ENABLE_STRICT_OBJC_MSGSEND = YES;
				ENABLE_TESTABILITY = YES;
				ENABLE_USER_SCRIPT_SANDBOXING = YES;
				GCC_C_LANGUAGE_STANDARD = gnu17;
				GCC_DYNAMIC_NO_PIC = NO;
				GCC_NO_COMMON_BLOCKS = YES;
				GCC_OPTIMIZATION_LEVEL = 0;
				GCC_PREPROCESSOR_DEFINITIONS = (
					"DEBUG=1",
					"$(inherited)",
				);
				GCC_WARN_64_TO_32_BIT_CONVERSION = YES;
				GCC_WARN_ABOUT_RETURN_TYPE = YES_ERROR;
				GCC_WARN_UNDECLARED_SELECTOR = YES;
				GCC_WARN_UNINITIALIZED_AUTOS = YES_AGGRESSIVE;
				GCC_WARN_UNUSED_FUNCTION = YES;
				GCC_WARN_UNUSED_VARIABLE = YES;
				IPHONEOS_DEPLOYMENT_TARGET = 17.4;
				LOCALIZATION_PREFERS_STRING_CATALOGS = YES;
				MTL_ENABLE_DEBUG_INFO = INCLUDE_SOURCE;
				MTL_FAST_MATH = YES;
				ONLY_ACTIVE_ARCH = YES;
				SDKROOT = iphoneos;
				SWIFT_ACTIVE_COMPILATION_CONDITIONS = "DEBUG $(inherited)";
				SWIFT_OPTIMIZATION_LEVEL = "-Onone";
			};
			name = Debug;
		};
		B8860D7D2BD4D6BE00A80E64 /* Release */ = {
			isa = XCBuildConfiguration;
			buildSettings = {
				ALWAYS_SEARCH_USER_PATHS = NO;
				ASSETCATALOG_COMPILER_GENERATE_SWIFT_ASSET_SYMBOL_EXTENSIONS = YES;
				CLANG_ANALYZER_NONNULL = YES;
				CLANG_ANALYZER_NUMBER_OBJECT_CONVERSION = YES_AGGRESSIVE;
				CLANG_CXX_LANGUAGE_STANDARD = "gnu++20";
				CLANG_ENABLE_MODULES = YES;
				CLANG_ENABLE_OBJC_ARC = YES;
				CLANG_ENABLE_OBJC_WEAK = YES;
				CLANG_WARN_BLOCK_CAPTURE_AUTORELEASING = YES;
				CLANG_WARN_BOOL_CONVERSION = YES;
				CLANG_WARN_COMMA = YES;
				CLANG_WARN_CONSTANT_CONVERSION = YES;
				CLANG_WARN_DEPRECATED_OBJC_IMPLEMENTATIONS = YES;
				CLANG_WARN_DIRECT_OBJC_ISA_USAGE = YES_ERROR;
				CLANG_WARN_DOCUMENTATION_COMMENTS = YES;
				CLANG_WARN_EMPTY_BODY = YES;
				CLANG_WARN_ENUM_CONVERSION = YES;
				CLANG_WARN_INFINITE_RECURSION = YES;
				CLANG_WARN_INT_CONVERSION = YES;
				CLANG_WARN_NON_LITERAL_NULL_CONVERSION = YES;
				CLANG_WARN_OBJC_IMPLICIT_RETAIN_SELF = YES;
				CLANG_WARN_OBJC_LITERAL_CONVERSION = YES;
				CLANG_WARN_OBJC_ROOT_CLASS = YES_ERROR;
				CLANG_WARN_QUOTED_INCLUDE_IN_FRAMEWORK_HEADER = YES;
				CLANG_WARN_RANGE_LOOP_ANALYSIS = YES;
				CLANG_WARN_STRICT_PROTOTYPES = YES;
				CLANG_WARN_SUSPICIOUS_MOVE = YES;
				CLANG_WARN_UNGUARDED_AVAILABILITY = YES_AGGRESSIVE;
				CLANG_WARN_UNREACHABLE_CODE = YES;
				CLANG_WARN__DUPLICATE_METHOD_MATCH = YES;
				COPY_PHASE_STRIP = NO;
				DEBUG_INFORMATION_FORMAT = "dwarf-with-dsym";
				ENABLE_NS_ASSERTIONS = NO;
				ENABLE_STRICT_OBJC_MSGSEND = YES;
				ENABLE_USER_SCRIPT_SANDBOXING = YES;
				GCC_C_LANGUAGE_STANDARD = gnu17;
				GCC_NO_COMMON_BLOCKS = YES;
				GCC_WARN_64_TO_32_BIT_CONVERSION = YES;
				GCC_WARN_ABOUT_RETURN_TYPE = YES_ERROR;
				GCC_WARN_UNDECLARED_SELECTOR = YES;
				GCC_WARN_UNINITIALIZED_AUTOS = YES_AGGRESSIVE;
				GCC_WARN_UNUSED_FUNCTION = YES;
				GCC_WARN_UNUSED_VARIABLE = YES;
				IPHONEOS_DEPLOYMENT_TARGET = 17.4;
				LOCALIZATION_PREFERS_STRING_CATALOGS = YES;
				MTL_ENABLE_DEBUG_INFO = NO;
				MTL_FAST_MATH = YES;
				SDKROOT = iphoneos;
				SWIFT_COMPILATION_MODE = wholemodule;
				VALIDATE_PRODUCT = YES;
			};
			name = Release;
		};
		B8860D7F2BD4D6BE00A80E64 /* Debug */ = {
			isa = XCBuildConfiguration;
			buildSettings = {
				ASSETCATALOG_COMPILER_APPICON_NAME = AppIcon;
				ASSETCATALOG_COMPILER_GLOBAL_ACCENT_COLOR_NAME = AccentColor;
				CODE_SIGN_STYLE = Automatic;
				CURRENT_PROJECT_VERSION = 1;
				DEVELOPMENT_ASSET_PATHS = "\"Neppatsrev/Preview Content\"";
				DEVELOPMENT_TEAM = 2N6MM6J72G;
				ENABLE_PREVIEWS = YES;
				GENERATE_INFOPLIST_FILE = YES;
				INFOPLIST_KEY_UIApplicationSceneManifest_Generation = YES;
				INFOPLIST_KEY_UIApplicationSupportsIndirectInputEvents = YES;
				INFOPLIST_KEY_UILaunchScreen_Generation = YES;
				INFOPLIST_KEY_UISupportedInterfaceOrientations_iPad = "UIInterfaceOrientationPortrait UIInterfaceOrientationPortraitUpsideDown UIInterfaceOrientationLandscapeLeft UIInterfaceOrientationLandscapeRight";
				INFOPLIST_KEY_UISupportedInterfaceOrientations_iPhone = "UIInterfaceOrientationPortrait UIInterfaceOrientationLandscapeLeft UIInterfaceOrientationLandscapeRight";
				LD_RUNPATH_SEARCH_PATHS = (
					"$(inherited)",
					"@executable_path/Frameworks",
				);
				MARKETING_VERSION = 1.0;
				PRODUCT_BUNDLE_IDENTIFIER = m.Neppatsrev;
				PRODUCT_NAME = "$(TARGET_NAME)";
				SWIFT_EMIT_LOC_STRINGS = YES;
				SWIFT_VERSION = 5.0;
				TARGETED_DEVICE_FAMILY = "1,2";
			};
			name = Debug;
		};
		B8860D802BD4D6BE00A80E64 /* Release */ = {
			isa = XCBuildConfiguration;
			buildSettings = {
				ASSETCATALOG_COMPILER_APPICON_NAME = AppIcon;
				ASSETCATALOG_COMPILER_GLOBAL_ACCENT_COLOR_NAME = AccentColor;
				CODE_SIGN_STYLE = Automatic;
				CURRENT_PROJECT_VERSION = 1;
				DEVELOPMENT_ASSET_PATHS = "\"Neppatsrev/Preview Content\"";
				DEVELOPMENT_TEAM = 2N6MM6J72G;
				ENABLE_PREVIEWS = YES;
				GENERATE_INFOPLIST_FILE = YES;
				INFOPLIST_KEY_UIApplicationSceneManifest_Generation = YES;
				INFOPLIST_KEY_UIApplicationSupportsIndirectInputEvents = YES;
				INFOPLIST_KEY_UILaunchScreen_Generation = YES;
				INFOPLIST_KEY_UISupportedInterfaceOrientations_iPad = "UIInterfaceOrientationPortrait UIInterfaceOrientationPortraitUpsideDown UIInterfaceOrientationLandscapeLeft UIInterfaceOrientationLandscapeRight";
				INFOPLIST_KEY_UISupportedInterfaceOrientations_iPhone = "UIInterfaceOrientationPortrait UIInterfaceOrientationLandscapeLeft UIInterfaceOrientationLandscapeRight";
				LD_RUNPATH_SEARCH_PATHS = (
					"$(inherited)",
					"@executable_path/Frameworks",
				);
				MARKETING_VERSION = 1.0;
				PRODUCT_BUNDLE_IDENTIFIER = m.Neppatsrev;
				PRODUCT_NAME = "$(TARGET_NAME)";
				SWIFT_EMIT_LOC_STRINGS = YES;
				SWIFT_VERSION = 5.0;
				TARGETED_DEVICE_FAMILY = "1,2";
			};
			name = Release;
		};
/* End XCBuildConfiguration section */

/* Begin XCConfigurationList section */
		B8860D692BD4D68800A80E64 /* Build configuration list for PBXProject "Neppatsrev" */ = {
			isa = XCConfigurationList;
			buildConfigurations = (
				B8860D7C2BD4D6BE00A80E64 /* Debug */,
				B8860D7D2BD4D6BE00A80E64 /* Release */,
			);
			defaultConfigurationIsVisible = 0;
			defaultConfigurationName = Release;
		};
		B8860D7E2BD4D6BE00A80E64 /* Build configuration list for PBXNativeTarget "Neppatsrev" */ = {
			isa = XCConfigurationList;
			buildConfigurations = (
				B8860D7F2BD4D6BE00A80E64 /* Debug */,
				B8860D802BD4D6BE00A80E64 /* Release */,
			);
			defaultConfigurationIsVisible = 0;
			defaultConfigurationName = Release;
		};
/* End XCConfigurationList section */
	};
	rootObject = B8860D662BD4D68800A80E64 /* Project object */;
}
